
Microsoft Visual Studio Solution File, Format Version 12.00
# Visual Studio Version 16
VisualStudioVersion = 16.0.29926.136
MinimumVisualStudioVersion = 10.0.40219.1
Project("{FAE04EC0-301F-11D3-BF4B-00C04F79EFBC}") = "EnglishBots_V2", "EnglishBots_V2\EnglishBots_V2.csproj", "{71653EF8-8C58-4B09-ACAA-335F5D0B8EA0}"
EndProject
Global
	GlobalSection(SolutionConfigurationPlatforms) = preSolution
		Debug|Any CPU = Debug|Any CPU
		Release|Any CPU = Release|Any CPU
	EndGlobalSection
	GlobalSection(ProjectConfigurationPlatforms) = postSolution
		{71653EF8-8C58-4B09-ACAA-335F5D0B8EA0}.Debug|Any CPU.ActiveCfg = Debug|Any CPU
		{71653EF8-8C58-4B09-ACAA-335F5D0B8EA0}.Debug|Any CPU.Build.0 = Debug|Any CPU
		{71653EF8-8C58-4B09-ACAA-335F5D0B8EA0}.Release|Any CPU.ActiveCfg = Release|Any CPU
		{71653EF8-8C58-4B09-ACAA-335F5D0B8EA0}.Release|Any CPU.Build.0 = Release|Any CPU
	EndGlobalSection
	GlobalSection(SolutionProperties) = preSolution
		HideSolutionNode = FALSE
	EndGlobalSection
	GlobalSection(ExtensibilityGlobals) = postSolution
		SolutionGuid = {2E8125F3-2ECF-436F-8C0C-4FB66226A024}
	EndGlobalSection
EndGlobal
